
Microsoft Visual Studio Solution File, Format Version 12.00
# Visual Studio Version 17
VisualStudioVersion = 17.3.32825.248
MinimumVisualStudioVersion = 10.0.40219.1
Project("{FAE04EC0-301F-11D3-BF4B-00C04F79EFBC}") = "ExtraCredit (C-Sharp)", "ExtraCredit (C-Sharp)\ExtraCredit (C-Sharp).csproj", "{DC67F6D4-F248-44A8-B495-D8A9E7312F2E}"
EndProject
Global
	GlobalSection(SolutionConfigurationPlatforms) = preSolution
		Debug|Any CPU = Debug|Any CPU
		Release|Any CPU = Release|Any CPU
	EndGlobalSection
	GlobalSection(ProjectConfigurationPlatforms) = postSolution
		{DC67F6D4-F248-44A8-B495-D8A9E7312F2E}.Debug|Any CPU.ActiveCfg = Debug|Any CPU
		{DC67F6D4-F248-44A8-B495-D8A9E7312F2E}.Debug|Any CPU.Build.0 = Debug|Any CPU
		{DC67F6D4-F248-44A8-B495-D8A9E7312F2E}.Release|Any CPU.ActiveCfg = Release|Any CPU
		{DC67F6D4-F248-44A8-B495-D8A9E7312F2E}.Release|Any CPU.Build.0 = Release|Any CPU
	EndGlobalSection
	GlobalSection(SolutionProperties) = preSolution
		HideSolutionNode = FALSE
	EndGlobalSection
	GlobalSection(ExtensibilityGlobals) = postSolution
		SolutionGuid = {06CD3B8B-E140-4823-B58A-0605A6ECF0EC}
	EndGlobalSection
EndGlobal
